<?xml version="1.0" encoding="utf-8"?>
<Project ToolsVersion="4.0" xmlns="http://schemas.microsoft.com/developer/msbuild/2003">
  <ItemGroup>
    <Filter Include="Source Files">
      <UniqueIdentifier>{4FC737F1-C7A5-4376-A066-2A32D752A2FF}</UniqueIdentifier>
      <Extensions>cpp;c;cc;cxx;def;odl;idl;hpj;bat;asm;asmx</Extensions>
    </Filter>
    <Filter Include="Header Files">
      <UniqueIdentifier>{93995380-89BD-4b04-88EB-625FBE52EBFB}</UniqueIdentifier>
      <Extensions>h;hh;hpp;hxx;hm;inl;inc;xsd</Extensions>
    </Filter>
    <Filter Include="Resource Files">
      <UniqueIdentifier>{67DA6AB6-F800-4c08-8B7A-83BB121AAD01}</UniqueIdentifier>
      <Extensions>rc;ico;cur;bmp;dlg;rc2;rct;bin;rgs;gif;jpg;jpeg;jpe;resx;tiff;tif;png;wav</Extensions>
    </Filter>
  </ItemGroup>
  <ItemGroup>
    <ClCompile Include="src\init\init.cc">
      <Filter>Source Files</Filter>
    </ClCompile>
    <ClCompile Include="src\init\init_cppserver.cc">
      <Filter>Source Files</Filter>
    </ClCompile>
    <ClCompile Include="src\init\init_opus.cc">
      <Filter>Source Files</Filter>
    </ClCompile>
    <ClCompile Include="src\init\init_wasapi.cc">
      <Filter>Source Files</Filter>
    </ClCompile>
    <ClCompile Include="src\networking\nw_client.cc">
      <Filter>Source Files</Filter>
    </ClCompile>
    <ClCompile Include="src\networking\nw_configure.cc">
      <Filter>Source Files</Filter>
    </ClCompile>
    <ClCompile Include="src\networking\nw_interface.cc">
      <Filter>Source Files</Filter>
    </ClCompile>
    <ClCompile Include="src\networking\nw_server.cc">
      <Filter>Source Files</Filter>
    </ClCompile>
    <ClCompile Include="src\networking\audio\aio_configure.cc">
      <Filter>Source Files</Filter>
    </ClCompile>
    <ClCompile Include="src\networking\audio\aio_micio.cc">
      <Filter>Source Files</Filter>
    </ClCompile>
    <ClCompile Include="src\networking\audio\aio_opus.cc">
      <Filter>Source Files</Filter>
    </ClCompile>
    <ClCompile Include="src\networking\chat\cht_packing.cc">
      <Filter>Source Files</Filter>
    </ClCompile>
    <ClCompile Include="src\networking\chat\cht_unpacking.cc">
      <Filter>Source Files</Filter>
    </ClCompile>
    <ClCompile Include="src\ux\cli\cli_init.cc">
      <Filter>Source Files</Filter>
    </ClCompile>
    <ClCompile Include="src\ux\cli\cli_interface.cc">
      <Filter>Source Files</Filter>
    </ClCompile>
    <ClCompile Include="src\ux\cli\cli_interpret.cc">
      <Filter>Source Files</Filter>
    </ClCompile>
    <ClCompile Include="src\ux\tui\tui_init.cc">
      <Filter>Source Files</Filter>
    </ClCompile>
    <ClCompile Include="src\ux\tui\tui_interface.cc">
      <Filter>Source Files</Filter>
    </ClCompile>
    <ClCompile Include="src\ux\tui\tui_interpret.cc">
      <Filter>Source Files</Filter>
    </ClCompile>
    <ClCompile Include="src\ux\tui\tui_update.cc">
      <Filter>Source Files</Filter>
    </ClCompile>
  </ItemGroup>
  <ItemGroup>
    <ClInclude Include="include\cppserver\version.h">
      <Filter>Header Files</Filter>
    </ClInclude>
    <ClInclude Include="include\cppserver\asio\asio.h">
      <Filter>Header Files</Filter>
    </ClInclude>
    <ClInclude Include="include\cppserver\asio\memory.h">
      <Filter>Header Files</Filter>
    </ClInclude>
    <ClInclude Include="include\cppserver\asio\service.h">
      <Filter>Header Files</Filter>
    </ClInclude>
    <ClInclude Include="include\cppserver\asio\ssl_client.h">
      <Filter>Header Files</Filter>
    </ClInclude>
    <ClInclude Include="include\cppserver\asio\ssl_context.h">
      <Filter>Header Files</Filter>
    </ClInclude>
    <ClInclude Include="include\cppserver\asio\ssl_server.h">
      <Filter>Header Files</Filter>
    </ClInclude>
    <ClInclude Include="include\cppserver\asio\ssl_session.h">
      <Filter>Header Files</Filter>
    </ClInclude>
    <ClInclude Include="include\cppserver\asio\tcp_client.h">
      <Filter>Header Files</Filter>
    </ClInclude>
    <ClInclude Include="include\cppserver\asio\tcp_resolver.h">
      <Filter>Header Files</Filter>
    </ClInclude>
    <ClInclude Include="include\cppserver\asio\tcp_server.h">
      <Filter>Header Files</Filter>
    </ClInclude>
    <ClInclude Include="include\cppserver\asio\tcp_session.h">
      <Filter>Header Files</Filter>
    </ClInclude>
    <ClInclude Include="include\cppserver\asio\timer.h">
      <Filter>Header Files</Filter>
    </ClInclude>
    <ClInclude Include="include\cppserver\asio\udp_client.h">
      <Filter>Header Files</Filter>
    </ClInclude>
    <ClInclude Include="include\cppserver\asio\udp_resolver.h">
      <Filter>Header Files</Filter>
    </ClInclude>
    <ClInclude Include="include\cppserver\asio\udp_server.h">
      <Filter>Header Files</Filter>
    </ClInclude>
    <ClInclude Include="include\cppserver\http\http.h">
      <Filter>Header Files</Filter>
    </ClInclude>
    <ClInclude Include="include\cppserver\http\https_client.h">
      <Filter>Header Files</Filter>
    </ClInclude>
    <ClInclude Include="include\cppserver\http\https_server.h">
      <Filter>Header Files</Filter>
    </ClInclude>
    <ClInclude Include="include\cppserver\http\https_session.h">
      <Filter>Header Files</Filter>
    </ClInclude>
    <ClInclude Include="include\cppserver\http\http_client.h">
      <Filter>Header Files</Filter>
    </ClInclude>
    <ClInclude Include="include\cppserver\http\http_request.h">
      <Filter>Header Files</Filter>
    </ClInclude>
    <ClInclude Include="include\cppserver\http\http_response.h">
      <Filter>Header Files</Filter>
    </ClInclude>
    <ClInclude Include="include\cppserver\http\http_server.h">
      <Filter>Header Files</Filter>
    </ClInclude>
    <ClInclude Include="include\cppserver\http\http_session.h">
      <Filter>Header Files</Filter>
    </ClInclude>
    <ClInclude Include="include\cppserver\ws\ws.h">
      <Filter>Header Files</Filter>
    </ClInclude>
    <ClInclude Include="include\cppserver\ws\wss_client.h">
      <Filter>Header Files</Filter>
    </ClInclude>
    <ClInclude Include="include\cppserver\ws\wss_server.h">
      <Filter>Header Files</Filter>
    </ClInclude>
    <ClInclude Include="include\cppserver\ws\wss_session.h">
      <Filter>Header Files</Filter>
    </ClInclude>
    <ClInclude Include="include\cppserver\ws\ws_client.h">
      <Filter>Header Files</Filter>
    </ClInclude>
    <ClInclude Include="include\cppserver\ws\ws_server.h">
      <Filter>Header Files</Filter>
    </ClInclude>
    <ClInclude Include="include\cppserver\ws\ws_session.h">
      <Filter>Header Files</Filter>
    </ClInclude>
    <ClInclude Include="include\magnetarvoip\cli_init.h">
      <Filter>Header Files</Filter>
    </ClInclude>
    <ClInclude Include="include\magnetarvoip\init.h">
      <Filter>Header Files</Filter>
    </ClInclude>
    <ClInclude Include="include\magnetarvoip\magnetar.h">
      <Filter>Header Files</Filter>
    </ClInclude>
    <ClInclude Include="include\optparse\OptionParser.h">
      <Filter>Header Files</Filter>
    </ClInclude>
    <ClInclude Include="include\opus\opus.h">
      <Filter>Header Files</Filter>
    </ClInclude>
    <ClInclude Include="include\opus\opus_custom.h">
      <Filter>Header Files</Filter>
    </ClInclude>
    <ClInclude Include="include\opus\opus_defines.h">
      <Filter>Header Files</Filter>
    </ClInclude>
    <ClInclude Include="include\opus\opus_multistream.h">
      <Filter>Header Files</Filter>
    </ClInclude>
    <ClInclude Include="include\opus\opus_projection.h">
      <Filter>Header Files</Filter>
    </ClInclude>
    <ClInclude Include="include\opus\opus_types.h">
      <Filter>Header Files</Filter>
    </ClInclude>
  </ItemGroup>
  <ItemGroup>
    <None Include="include\cppserver\asio\asio.inl">
      <Filter>Header Files</Filter>
    </None>
    <None Include="include\cppserver\asio\memory.inl">
      <Filter>Header Files</Filter>
    </None>
    <None Include="include\cppserver\http\http_request.inl">
      <Filter>Header Files</Filter>
    </None>
    <None Include="include\cppserver\http\http_response.inl">
      <Filter>Header Files</Filter>
    </None>
  </ItemGroup>
</Project>