<?xml version="1.0" encoding="utf-8"?>
<Project ToolsVersion="4.0" xmlns="http://schemas.microsoft.com/developer/msbuild/2003">
  <ItemGroup>
    <Filter Include="Source Files">
      <UniqueIdentifier>{4FC737F1-C7A5-4376-A066-2A32D752A2FF}</UniqueIdentifier>
      <Extensions>cpp;c;cc;cxx;def;odl;idl;hpj;bat;asm;asmx</Extensions>
    </Filter>
    <Filter Include="Header Files">
      <UniqueIdentifier>{93995380-89BD-4b04-88EB-625FBE52EBFB}</UniqueIdentifier>
      <Extensions>h;hh;hpp;hxx;hm;inl;inc;xsd</Extensions>
    </Filter>
    <Filter Include="Resource Files">
      <UniqueIdentifier>{67DA6AB6-F800-4c08-8B7A-83BB121AAD01}</UniqueIdentifier>
      <Extensions>rc;ico;cur;bmp;dlg;rc2;rct;bin;rgs;gif;jpg;jpeg;jpe;resx;tiff;tif;png;wav</Extensions>
    </Filter>
  </ItemGroup>
  <ItemGroup>
    <ClInclude Include="include\magnetarvoip\cht.h">
      <Filter>Header Files</Filter>
    </ClInclude>
    <ClInclude Include="include\magnetarvoip\cli.h">
      <Filter>Header Files</Filter>
    </ClInclude>
    <ClInclude Include="include\magnetarvoip\cmd.h">
      <Filter>Header Files</Filter>
    </ClInclude>
    <ClInclude Include="include\magnetarvoip\core.h">
      <Filter>Header Files</Filter>
    </ClInclude>
    <ClInclude Include="include\magnetarvoip\core_thread.h">
      <Filter>Header Files</Filter>
    </ClInclude>
    <ClInclude Include="include\magnetarvoip\init.h">
      <Filter>Header Files</Filter>
    </ClInclude>
    <ClInclude Include="include\magnetarvoip\init_cppserver.hpp">
      <Filter>Header Files</Filter>
    </ClInclude>
    <ClInclude Include="include\magnetarvoip\init_miniaudio.h">
      <Filter>Header Files</Filter>
    </ClInclude>
    <ClInclude Include="include\magnetarvoip\init_ux.h">
      <Filter>Header Files</Filter>
    </ClInclude>
    <ClInclude Include="include\magnetarvoip\macros.h">
      <Filter>Header Files</Filter>
    </ClInclude>
    <ClInclude Include="include\magnetarvoip\magnetar.h">
      <Filter>Header Files</Filter>
    </ClInclude>
    <ClInclude Include="include\magnetarvoip\nw.hpp">
      <Filter>Header Files</Filter>
    </ClInclude>
    <ClInclude Include="include\magnetarvoip\nw_client.hpp">
      <Filter>Header Files</Filter>
    </ClInclude>
    <ClInclude Include="include\magnetarvoip\nw_interface.h">
      <Filter>Header Files</Filter>
    </ClInclude>
    <ClInclude Include="include\magnetarvoip\nw_server.hpp">
      <Filter>Header Files</Filter>
    </ClInclude>
    <ClInclude Include="include\magnetarvoip\queue_.h">
      <Filter>Header Files</Filter>
    </ClInclude>
    <ClInclude Include="include\magnetarvoip\settings.h">
      <Filter>Header Files</Filter>
    </ClInclude>
    <ClInclude Include="include\magnetarvoip\ux.h">
      <Filter>Header Files</Filter>
    </ClInclude>
    <ClInclude Include="include\magnetarvoip\aio.h">
      <Filter>Header Files</Filter>
    </ClInclude>
    <ClInclude Include="include\asio.hpp">
      <Filter>Header Files</Filter>
    </ClInclude>
    <ClInclude Include="include\miniaudio\miniaudio.h">
      <Filter>Header Files</Filter>
    </ClInclude>
    <ClInclude Include="include\optparse\OptionParser.h">
      <Filter>Header Files</Filter>
    </ClInclude>
    <ClInclude Include="include\opus\opus.h">
      <Filter>Header Files</Filter>
    </ClInclude>
    <ClInclude Include="include\opus\opus_custom.h">
      <Filter>Header Files</Filter>
    </ClInclude>
    <ClInclude Include="include\opus\opus_defines.h">
      <Filter>Header Files</Filter>
    </ClInclude>
    <ClInclude Include="include\opus\opus_multistream.h">
      <Filter>Header Files</Filter>
    </ClInclude>
    <ClInclude Include="include\opus\opus_projection.h">
      <Filter>Header Files</Filter>
    </ClInclude>
    <ClInclude Include="include\opus\opus_types.h">
      <Filter>Header Files</Filter>
    </ClInclude>
    <ClInclude Include="include\linenoise\ConvertUTF.h">
      <Filter>Header Files</Filter>
    </ClInclude>
    <ClInclude Include="include\linenoise\linenoise.h">
      <Filter>Header Files</Filter>
    </ClInclude>
  </ItemGroup>
  <ItemGroup>
    <ClCompile Include="src\audio\aio_capture.c">
      <Filter>Source Files</Filter>
    </ClCompile>
    <ClCompile Include="src\audio\aio_playback.c">
      <Filter>Source Files</Filter>
    </ClCompile>
    <ClCompile Include="src\chat\cht_main.cc">
      <Filter>Source Files</Filter>
    </ClCompile>
    <ClCompile Include="src\chat\cht_packing.cc">
      <Filter>Source Files</Filter>
    </ClCompile>
    <ClCompile Include="src\core\core.c">
      <Filter>Source Files</Filter>
    </ClCompile>
    <ClCompile Include="src\core\core_thread.cc">
      <Filter>Source Files</Filter>
    </ClCompile>
    <ClCompile Include="src\init\init.cc">
      <Filter>Source Files</Filter>
    </ClCompile>
    <ClCompile Include="src\init\init_cppserver.cc">
      <Filter>Source Files</Filter>
    </ClCompile>
    <ClCompile Include="src\init\init_externs.cc">
      <Filter>Source Files</Filter>
    </ClCompile>
    <ClCompile Include="src\init\init_miniaudio.c">
      <Filter>Source Files</Filter>
    </ClCompile>
    <ClCompile Include="src\libs\linenoise\ConvertUTF.cpp">
      <Filter>Source Files</Filter>
    </ClCompile>
    <ClCompile Include="src\libs\linenoise\linenoise.cpp">
      <Filter>Source Files</Filter>
    </ClCompile>
    <ClCompile Include="src\libs\linenoise\wcwidth.cpp">
      <Filter>Source Files</Filter>
    </ClCompile>
    <ClCompile Include="src\libs\miniaudio\miniaudio.c">
      <Filter>Source Files</Filter>
    </ClCompile>
    <ClCompile Include="src\networking\nw_client.cc">
      <Filter>Source Files</Filter>
    </ClCompile>
    <ClCompile Include="src\networking\nw_server.cc">
      <Filter>Source Files</Filter>
    </ClCompile>
    <ClCompile Include="src\ux\ux_interface.c">
      <Filter>Source Files</Filter>
    </ClCompile>
    <ClCompile Include="src\ux\ux_main.c">
      <Filter>Source Files</Filter>
    </ClCompile>
    <ClCompile Include="src\ux\cli\cli_interface.c">
      <Filter>Source Files</Filter>
    </ClCompile>
    <ClCompile Include="src\ux\cli\cli_interpret.c">
      <Filter>Source Files</Filter>
    </ClCompile>
    <ClCompile Include="src\ux\cli\cli_layout.c">
      <Filter>Source Files</Filter>
    </ClCompile>
  </ItemGroup>
</Project>